
Microsoft Visual Studio Solution File, Format Version 12.00
# Visual Studio 15
VisualStudioVersion = 15.0.27428.2005
MinimumVisualStudioVersion = 10.0.40219.1
Project("{FAE04EC0-301F-11D3-BF4B-00C04F79EFBC}") = "CrudOperations", "CrudOperations\CrudOperations.csproj", "{894FC32C-7885-4E19-AEF4-C63ADE34328D}"
EndProject
Project("{FAE04EC0-301F-11D3-BF4B-00C04F79EFBC}") = "App", "App\App.csproj", "{013CB525-25F6-43E7-BAEA-D2B9ECF08D66}"
EndProject
Global
	GlobalSection(SolutionConfigurationPlatforms) = preSolution
		Debug|Any CPU = Debug|Any CPU
		Release|Any CPU = Release|Any CPU
	EndGlobalSection
	GlobalSection(ProjectConfigurationPlatforms) = postSolution
		{894FC32C-7885-4E19-AEF4-C63ADE34328D}.Debug|Any CPU.ActiveCfg = Debug|Any CPU
		{894FC32C-7885-4E19-AEF4-C63ADE34328D}.Debug|Any CPU.Build.0 = Debug|Any CPU
		{894FC32C-7885-4E19-AEF4-C63ADE34328D}.Release|Any CPU.ActiveCfg = Release|Any CPU
		{894FC32C-7885-4E19-AEF4-C63ADE34328D}.Release|Any CPU.Build.0 = Release|Any CPU
		{013CB525-25F6-43E7-BAEA-D2B9ECF08D66}.Debug|Any CPU.ActiveCfg = Debug|Any CPU
		{013CB525-25F6-43E7-BAEA-D2B9ECF08D66}.Debug|Any CPU.Build.0 = Debug|Any CPU
		{013CB525-25F6-43E7-BAEA-D2B9ECF08D66}.Release|Any CPU.ActiveCfg = Release|Any CPU
		{013CB525-25F6-43E7-BAEA-D2B9ECF08D66}.Release|Any CPU.Build.0 = Release|Any CPU
	EndGlobalSection
	GlobalSection(SolutionProperties) = preSolution
		HideSolutionNode = FALSE
	EndGlobalSection
	GlobalSection(ExtensibilityGlobals) = postSolution
		SolutionGuid = {B6A4BDB3-93D3-43E9-9736-86A7FF6E5C56}
	EndGlobalSection
EndGlobal
